
Microsoft Visual Studio Solution File, Format Version 12.00
# Visual Studio Version 16
VisualStudioVersion = 16.0.28922.388
MinimumVisualStudioVersion = 10.0.40219.1
Project("{8BC9CEB8-8B4A-11D0-8D11-00A0C91BC942}") = "FirstApp", "FirstApp\FirstApp.vcxproj", "{89C2BFD2-7DA1-4C7F-A398-D5E6BF272381}"
EndProject
Project("{8BC9CEB8-8B4A-11D0-8D11-00A0C91BC942}") = "VariablesDemo", "VariablesDemo\VariablesDemo.vcxproj", "{CAA05DBE-B1B1-4E0E-8C23-AFD038C8731D}"
EndProject
Project("{8BC9CEB8-8B4A-11D0-8D11-00A0C91BC942}") = "Classes", "Classes\Classes.vcxproj", "{F3EACE65-12F7-48A7-9DEC-5461B03EAEF1}"
EndProject
Project("{8BC9CEB8-8B4A-11D0-8D11-00A0C91BC942}") = "IfStatement", "FlowControl\FlowControl.vcxproj", "{C93F198D-DB06-4194-B6CF-30DAD8F61425}"
EndProject
Project("{8BC9CEB8-8B4A-11D0-8D11-00A0C91BC942}") = "WhileLoop", "WhileLoop\WhileLoop.vcxproj", "{05B32D61-1025-406F-B565-D781EA24A216}"
EndProject
Project("{8BC9CEB8-8B4A-11D0-8D11-00A0C91BC942}") = "ForLoop", "ForLoop\ForLoop.vcxproj", "{3EC5A524-34FB-4654-96A3-8BD3AC2CCF69}"
EndProject
Project("{8BC9CEB8-8B4A-11D0-8D11-00A0C91BC942}") = "SwitchStatement", "SwitchStatement\SwitchStatement.vcxproj", "{51516EFA-D269-4F01-A50F-A170C30F518A}"
EndProject
Project("{8BC9CEB8-8B4A-11D0-8D11-00A0C91BC942}") = "ImmediateIf", "ImmediateIf\ImmediateIf.vcxproj", "{2C023428-FFFA-4DD8-98E9-8FCBFC11F37C}"
EndProject
Project("{8BC9CEB8-8B4A-11D0-8D11-00A0C91BC942}") = "Functions", "Functions\Functions.vcxproj", "{3F164BF0-7A50-4382-A6C5-168878A474AB}"
EndProject
Project("{8BC9CEB8-8B4A-11D0-8D11-00A0C91BC942}") = "Templates", "Templates\Templates.vcxproj", "{1DA51824-F1AA-4B80-8E5D-73456FC0E372}"
EndProject
Project("{8BC9CEB8-8B4A-11D0-8D11-00A0C91BC942}") = "Accumulator", "Accumulator\Accumulator.vcxproj", "{4378A1DD-09DD-4182-A0A3-ECC7F9A75B2D}"
EndProject
Project("{8BC9CEB8-8B4A-11D0-8D11-00A0C91BC942}") = "PointerAndReferences", "PointerAndReferences\PointerAndReferences.vcxproj", "{6F77AA1D-EDBE-4F4E-947F-CD8955E5E8F4}"
EndProject
Project("{8BC9CEB8-8B4A-11D0-8D11-00A0C91BC942}") = "FreeStore", "FreeStore\FreeStore.vcxproj", "{064BA320-CB79-416F-B392-C8BDDE273B31}"
EndProject
Project("{8BC9CEB8-8B4A-11D0-8D11-00A0C91BC942}") = "ArrayClass", "ArrayClass\ArrayClass.vcxproj", "{A1F8D8B7-24CA-486A-8BC2-240766903FA8}"
EndProject
Project("{8BC9CEB8-8B4A-11D0-8D11-00A0C91BC942}") = "OperatorOverloading", "OperatorOverloading\OperatorOverloading.vcxproj", "{B2CF2E51-0D1E-465D-8483-D6C5381AF875}"
EndProject
Global
	GlobalSection(SolutionConfigurationPlatforms) = preSolution
		Debug|x64 = Debug|x64
		Debug|x86 = Debug|x86
		Release|x64 = Release|x64
		Release|x86 = Release|x86
	EndGlobalSection
	GlobalSection(ProjectConfigurationPlatforms) = postSolution
		{89C2BFD2-7DA1-4C7F-A398-D5E6BF272381}.Debug|x64.ActiveCfg = Debug|x64
		{89C2BFD2-7DA1-4C7F-A398-D5E6BF272381}.Debug|x64.Build.0 = Debug|x64
		{89C2BFD2-7DA1-4C7F-A398-D5E6BF272381}.Debug|x86.ActiveCfg = Debug|Win32
		{89C2BFD2-7DA1-4C7F-A398-D5E6BF272381}.Debug|x86.Build.0 = Debug|Win32
		{89C2BFD2-7DA1-4C7F-A398-D5E6BF272381}.Release|x64.ActiveCfg = Release|x64
		{89C2BFD2-7DA1-4C7F-A398-D5E6BF272381}.Release|x64.Build.0 = Release|x64
		{89C2BFD2-7DA1-4C7F-A398-D5E6BF272381}.Release|x86.ActiveCfg = Release|Win32
		{89C2BFD2-7DA1-4C7F-A398-D5E6BF272381}.Release|x86.Build.0 = Release|Win32
		{CAA05DBE-B1B1-4E0E-8C23-AFD038C8731D}.Debug|x64.ActiveCfg = Debug|x64
		{CAA05DBE-B1B1-4E0E-8C23-AFD038C8731D}.Debug|x64.Build.0 = Debug|x64
		{CAA05DBE-B1B1-4E0E-8C23-AFD038C8731D}.Debug|x86.ActiveCfg = Debug|Win32
		{CAA05DBE-B1B1-4E0E-8C23-AFD038C8731D}.Debug|x86.Build.0 = Debug|Win32
		{CAA05DBE-B1B1-4E0E-8C23-AFD038C8731D}.Release|x64.ActiveCfg = Release|x64
		{CAA05DBE-B1B1-4E0E-8C23-AFD038C8731D}.Release|x64.Build.0 = Release|x64
		{CAA05DBE-B1B1-4E0E-8C23-AFD038C8731D}.Release|x86.ActiveCfg = Release|Win32
		{CAA05DBE-B1B1-4E0E-8C23-AFD038C8731D}.Release|x86.Build.0 = Release|Win32
		{F3EACE65-12F7-48A7-9DEC-5461B03EAEF1}.Debug|x64.ActiveCfg = Debug|x64
		{F3EACE65-12F7-48A7-9DEC-5461B03EAEF1}.Debug|x64.Build.0 = Debug|x64
		{F3EACE65-12F7-48A7-9DEC-5461B03EAEF1}.Debug|x86.ActiveCfg = Debug|Win32
		{F3EACE65-12F7-48A7-9DEC-5461B03EAEF1}.Debug|x86.Build.0 = Debug|Win32
		{F3EACE65-12F7-48A7-9DEC-5461B03EAEF1}.Release|x64.ActiveCfg = Release|x64
		{F3EACE65-12F7-48A7-9DEC-5461B03EAEF1}.Release|x64.Build.0 = Release|x64
		{F3EACE65-12F7-48A7-9DEC-5461B03EAEF1}.Release|x86.ActiveCfg = Release|Win32
		{F3EACE65-12F7-48A7-9DEC-5461B03EAEF1}.Release|x86.Build.0 = Release|Win32
		{C93F198D-DB06-4194-B6CF-30DAD8F61425}.Debug|x64.ActiveCfg = Debug|x64
		{C93F198D-DB06-4194-B6CF-30DAD8F61425}.Debug|x64.Build.0 = Debug|x64
		{C93F198D-DB06-4194-B6CF-30DAD8F61425}.Debug|x86.ActiveCfg = Debug|Win32
		{C93F198D-DB06-4194-B6CF-30DAD8F61425}.Debug|x86.Build.0 = Debug|Win32
		{C93F198D-DB06-4194-B6CF-30DAD8F61425}.Release|x64.ActiveCfg = Release|x64
		{C93F198D-DB06-4194-B6CF-30DAD8F61425}.Release|x64.Build.0 = Release|x64
		{C93F198D-DB06-4194-B6CF-30DAD8F61425}.Release|x86.ActiveCfg = Release|Win32
		{C93F198D-DB06-4194-B6CF-30DAD8F61425}.Release|x86.Build.0 = Release|Win32
		{05B32D61-1025-406F-B565-D781EA24A216}.Debug|x64.ActiveCfg = Debug|x64
		{05B32D61-1025-406F-B565-D781EA24A216}.Debug|x64.Build.0 = Debug|x64
		{05B32D61-1025-406F-B565-D781EA24A216}.Debug|x86.ActiveCfg = Debug|Win32
		{05B32D61-1025-406F-B565-D781EA24A216}.Debug|x86.Build.0 = Debug|Win32
		{05B32D61-1025-406F-B565-D781EA24A216}.Release|x64.ActiveCfg = Release|x64
		{05B32D61-1025-406F-B565-D781EA24A216}.Release|x64.Build.0 = Release|x64
		{05B32D61-1025-406F-B565-D781EA24A216}.Release|x86.ActiveCfg = Release|Win32
		{05B32D61-1025-406F-B565-D781EA24A216}.Release|x86.Build.0 = Release|Win32
		{3EC5A524-34FB-4654-96A3-8BD3AC2CCF69}.Debug|x64.ActiveCfg = Debug|x64
		{3EC5A524-34FB-4654-96A3-8BD3AC2CCF69}.Debug|x64.Build.0 = Debug|x64
		{3EC5A524-34FB-4654-96A3-8BD3AC2CCF69}.Debug|x86.ActiveCfg = Debug|Win32
		{3EC5A524-34FB-4654-96A3-8BD3AC2CCF69}.Debug|x86.Build.0 = Debug|Win32
		{3EC5A524-34FB-4654-96A3-8BD3AC2CCF69}.Release|x64.ActiveCfg = Release|x64
		{3EC5A524-34FB-4654-96A3-8BD3AC2CCF69}.Release|x64.Build.0 = Release|x64
		{3EC5A524-34FB-4654-96A3-8BD3AC2CCF69}.Release|x86.ActiveCfg = Release|Win32
		{3EC5A524-34FB-4654-96A3-8BD3AC2CCF69}.Release|x86.Build.0 = Release|Win32
		{51516EFA-D269-4F01-A50F-A170C30F518A}.Debug|x64.ActiveCfg = Debug|x64
		{51516EFA-D269-4F01-A50F-A170C30F518A}.Debug|x64.Build.0 = Debug|x64
		{51516EFA-D269-4F01-A50F-A170C30F518A}.Debug|x86.ActiveCfg = Debug|Win32
		{51516EFA-D269-4F01-A50F-A170C30F518A}.Debug|x86.Build.0 = Debug|Win32
		{51516EFA-D269-4F01-A50F-A170C30F518A}.Release|x64.ActiveCfg = Release|x64
		{51516EFA-D269-4F01-A50F-A170C30F518A}.Release|x64.Build.0 = Release|x64
		{51516EFA-D269-4F01-A50F-A170C30F518A}.Release|x86.ActiveCfg = Release|Win32
		{51516EFA-D269-4F01-A50F-A170C30F518A}.Release|x86.Build.0 = Release|Win32
		{2C023428-FFFA-4DD8-98E9-8FCBFC11F37C}.Debug|x64.ActiveCfg = Debug|x64
		{2C023428-FFFA-4DD8-98E9-8FCBFC11F37C}.Debug|x64.Build.0 = Debug|x64
		{2C023428-FFFA-4DD8-98E9-8FCBFC11F37C}.Debug|x86.ActiveCfg = Debug|Win32
		{2C023428-FFFA-4DD8-98E9-8FCBFC11F37C}.Debug|x86.Build.0 = Debug|Win32
		{2C023428-FFFA-4DD8-98E9-8FCBFC11F37C}.Release|x64.ActiveCfg = Release|x64
		{2C023428-FFFA-4DD8-98E9-8FCBFC11F37C}.Release|x64.Build.0 = Release|x64
		{2C023428-FFFA-4DD8-98E9-8FCBFC11F37C}.Release|x86.ActiveCfg = Release|Win32
		{2C023428-FFFA-4DD8-98E9-8FCBFC11F37C}.Release|x86.Build.0 = Release|Win32
		{3F164BF0-7A50-4382-A6C5-168878A474AB}.Debug|x64.ActiveCfg = Debug|x64
		{3F164BF0-7A50-4382-A6C5-168878A474AB}.Debug|x64.Build.0 = Debug|x64
		{3F164BF0-7A50-4382-A6C5-168878A474AB}.Debug|x86.ActiveCfg = Debug|Win32
		{3F164BF0-7A50-4382-A6C5-168878A474AB}.Debug|x86.Build.0 = Debug|Win32
		{3F164BF0-7A50-4382-A6C5-168878A474AB}.Release|x64.ActiveCfg = Release|x64
		{3F164BF0-7A50-4382-A6C5-168878A474AB}.Release|x64.Build.0 = Release|x64
		{3F164BF0-7A50-4382-A6C5-168878A474AB}.Release|x86.ActiveCfg = Release|Win32
		{3F164BF0-7A50-4382-A6C5-168878A474AB}.Release|x86.Build.0 = Release|Win32
		{1DA51824-F1AA-4B80-8E5D-73456FC0E372}.Debug|x64.ActiveCfg = Debug|x64
		{1DA51824-F1AA-4B80-8E5D-73456FC0E372}.Debug|x64.Build.0 = Debug|x64
		{1DA51824-F1AA-4B80-8E5D-73456FC0E372}.Debug|x86.ActiveCfg = Debug|Win32
		{1DA51824-F1AA-4B80-8E5D-73456FC0E372}.Debug|x86.Build.0 = Debug|Win32
		{1DA51824-F1AA-4B80-8E5D-73456FC0E372}.Release|x64.ActiveCfg = Release|x64
		{1DA51824-F1AA-4B80-8E5D-73456FC0E372}.Release|x64.Build.0 = Release|x64
		{1DA51824-F1AA-4B80-8E5D-73456FC0E372}.Release|x86.ActiveCfg = Release|Win32
		{1DA51824-F1AA-4B80-8E5D-73456FC0E372}.Release|x86.Build.0 = Release|Win32
		{4378A1DD-09DD-4182-A0A3-ECC7F9A75B2D}.Debug|x64.ActiveCfg = Debug|x64
		{4378A1DD-09DD-4182-A0A3-ECC7F9A75B2D}.Debug|x64.Build.0 = Debug|x64
		{4378A1DD-09DD-4182-A0A3-ECC7F9A75B2D}.Debug|x86.ActiveCfg = Debug|Win32
		{4378A1DD-09DD-4182-A0A3-ECC7F9A75B2D}.Debug|x86.Build.0 = Debug|Win32
		{4378A1DD-09DD-4182-A0A3-ECC7F9A75B2D}.Release|x64.ActiveCfg = Release|x64
		{4378A1DD-09DD-4182-A0A3-ECC7F9A75B2D}.Release|x64.Build.0 = Release|x64
		{4378A1DD-09DD-4182-A0A3-ECC7F9A75B2D}.Release|x86.ActiveCfg = Release|Win32
		{4378A1DD-09DD-4182-A0A3-ECC7F9A75B2D}.Release|x86.Build.0 = Release|Win32
		{6F77AA1D-EDBE-4F4E-947F-CD8955E5E8F4}.Debug|x64.ActiveCfg = Debug|x64
		{6F77AA1D-EDBE-4F4E-947F-CD8955E5E8F4}.Debug|x64.Build.0 = Debug|x64
		{6F77AA1D-EDBE-4F4E-947F-CD8955E5E8F4}.Debug|x86.ActiveCfg = Debug|Win32
		{6F77AA1D-EDBE-4F4E-947F-CD8955E5E8F4}.Debug|x86.Build.0 = Debug|Win32
		{6F77AA1D-EDBE-4F4E-947F-CD8955E5E8F4}.Release|x64.ActiveCfg = Release|x64
		{6F77AA1D-EDBE-4F4E-947F-CD8955E5E8F4}.Release|x64.Build.0 = Release|x64
		{6F77AA1D-EDBE-4F4E-947F-CD8955E5E8F4}.Release|x86.ActiveCfg = Release|Win32
		{6F77AA1D-EDBE-4F4E-947F-CD8955E5E8F4}.Release|x86.Build.0 = Release|Win32
		{064BA320-CB79-416F-B392-C8BDDE273B31}.Debug|x64.ActiveCfg = Debug|x64
		{064BA320-CB79-416F-B392-C8BDDE273B31}.Debug|x64.Build.0 = Debug|x64
		{064BA320-CB79-416F-B392-C8BDDE273B31}.Debug|x86.ActiveCfg = Debug|Win32
		{064BA320-CB79-416F-B392-C8BDDE273B31}.Debug|x86.Build.0 = Debug|Win32
		{064BA320-CB79-416F-B392-C8BDDE273B31}.Release|x64.ActiveCfg = Release|x64
		{064BA320-CB79-416F-B392-C8BDDE273B31}.Release|x64.Build.0 = Release|x64
		{064BA320-CB79-416F-B392-C8BDDE273B31}.Release|x86.ActiveCfg = Release|Win32
		{064BA320-CB79-416F-B392-C8BDDE273B31}.Release|x86.Build.0 = Release|Win32
		{A1F8D8B7-24CA-486A-8BC2-240766903FA8}.Debug|x64.ActiveCfg = Debug|x64
		{A1F8D8B7-24CA-486A-8BC2-240766903FA8}.Debug|x64.Build.0 = Debug|x64
		{A1F8D8B7-24CA-486A-8BC2-240766903FA8}.Debug|x86.ActiveCfg = Debug|Win32
		{A1F8D8B7-24CA-486A-8BC2-240766903FA8}.Debug|x86.Build.0 = Debug|Win32
		{A1F8D8B7-24CA-486A-8BC2-240766903FA8}.Release|x64.ActiveCfg = Release|x64
		{A1F8D8B7-24CA-486A-8BC2-240766903FA8}.Release|x64.Build.0 = Release|x64
		{A1F8D8B7-24CA-486A-8BC2-240766903FA8}.Release|x86.ActiveCfg = Release|Win32
		{A1F8D8B7-24CA-486A-8BC2-240766903FA8}.Release|x86.Build.0 = Release|Win32
		{B2CF2E51-0D1E-465D-8483-D6C5381AF875}.Debug|x64.ActiveCfg = Debug|x64
		{B2CF2E51-0D1E-465D-8483-D6C5381AF875}.Debug|x64.Build.0 = Debug|x64
		{B2CF2E51-0D1E-465D-8483-D6C5381AF875}.Debug|x86.ActiveCfg = Debug|Win32
		{B2CF2E51-0D1E-465D-8483-D6C5381AF875}.Debug|x86.Build.0 = Debug|Win32
		{B2CF2E51-0D1E-465D-8483-D6C5381AF875}.Release|x64.ActiveCfg = Release|x64
		{B2CF2E51-0D1E-465D-8483-D6C5381AF875}.Release|x64.Build.0 = Release|x64
		{B2CF2E51-0D1E-465D-8483-D6C5381AF875}.Release|x86.ActiveCfg = Release|Win32
		{B2CF2E51-0D1E-465D-8483-D6C5381AF875}.Release|x86.Build.0 = Release|Win32
	EndGlobalSection
	GlobalSection(SolutionProperties) = preSolution
		HideSolutionNode = FALSE
	EndGlobalSection
	GlobalSection(ExtensibilityGlobals) = postSolution
		SolutionGuid = {F1F590CA-2D85-4616-87CA-F0395BBED77A}
	EndGlobalSection
EndGlobal
